
Microsoft Visual Studio Solution File, Format Version 11.00
# Visual C# Express 2010
Project("{FAE04EC0-301F-11D3-BF4B-00C04F79EFBC}") = "TomatoJoe", "TomatoJoe\TomatoJoe\TomatoJoe.csproj", "{F2322C39-BD75-46D4-B883-388FF0786A0B}"
EndProject
Project("{96E2B04D-8817-42C6-938A-82C39BA4D311}") = "TomatoJoeContent", "TomatoJoe\TomatoJoeContent\TomatoJoeContent.contentproj", "{8721EAB9-7DF8-4F0F-811A-07D66ED923ED}"
EndProject
Global
	GlobalSection(SolutionConfigurationPlatforms) = preSolution
		Debug|x86 = Debug|x86
		Release|x86 = Release|x86
	EndGlobalSection
	GlobalSection(ProjectConfigurationPlatforms) = postSolution
		{F2322C39-BD75-46D4-B883-388FF0786A0B}.Debug|x86.ActiveCfg = Debug|x86
		{F2322C39-BD75-46D4-B883-388FF0786A0B}.Debug|x86.Build.0 = Debug|x86
		{F2322C39-BD75-46D4-B883-388FF0786A0B}.Release|x86.ActiveCfg = Release|x86
		{F2322C39-BD75-46D4-B883-388FF0786A0B}.Release|x86.Build.0 = Release|x86
		{8721EAB9-7DF8-4F0F-811A-07D66ED923ED}.Debug|x86.ActiveCfg = Debug|x86
		{8721EAB9-7DF8-4F0F-811A-07D66ED923ED}.Release|x86.ActiveCfg = Release|x86
	EndGlobalSection
	GlobalSection(SolutionProperties) = preSolution
		HideSolutionNode = FALSE
	EndGlobalSection
EndGlobal
